
Microsoft Visual Studio Solution File, Format Version 12.00
# Visual Studio Version 17
VisualStudioVersion = 17.9.34728.123
MinimumVisualStudioVersion = 10.0.40219.1
Project("{FAE04EC0-301F-11D3-BF4B-00C04F79EFBC}") = "proyecto_hospital_version_1", "proyecto_hospital_version_1.csproj", "{8134E959-9103-466C-9FB3-E92E3ADB258D}"
EndProject
Global
	GlobalSection(SolutionConfigurationPlatforms) = preSolution
		Debug|Any CPU = Debug|Any CPU
		Release|Any CPU = Release|Any CPU
	EndGlobalSection
	GlobalSection(ProjectConfigurationPlatforms) = postSolution
		{8134E959-9103-466C-9FB3-E92E3ADB258D}.Debug|Any CPU.ActiveCfg = Debug|Any CPU
		{8134E959-9103-466C-9FB3-E92E3ADB258D}.Debug|Any CPU.Build.0 = Debug|Any CPU
		{8134E959-9103-466C-9FB3-E92E3ADB258D}.Release|Any CPU.ActiveCfg = Release|Any CPU
		{8134E959-9103-466C-9FB3-E92E3ADB258D}.Release|Any CPU.Build.0 = Release|Any CPU
	EndGlobalSection
	GlobalSection(SolutionProperties) = preSolution
		HideSolutionNode = FALSE
	EndGlobalSection
	GlobalSection(ExtensibilityGlobals) = postSolution
		SolutionGuid = {3FCDFD06-6245-460A-B3A5-3E332A538806}
	EndGlobalSection
EndGlobal
