
Microsoft Visual Studio Solution File, Format Version 12.00
# Visual Studio Version 17
VisualStudioVersion = 17.9.34728.123
MinimumVisualStudioVersion = 10.0.40219.1
Project("{9A19103F-16F7-4668-BE54-9A1E7A4F7556}") = "proyecto_hospital_version_1", "..\proyecto_hospital_version_1\proyecto_hospital_version_1.csproj", "{DB33D21D-8EDC-496C-9E44-234FD4B8FD6B}"
EndProject
Project("{9A19103F-16F7-4668-BE54-9A1E7A4F7556}") = "Hospital.Api", "..\Hospital.Api\Hospital.Api.csproj", "{EB355C2B-1BD5-4FB9-B2D9-E567926664BD}"
EndProject
Global
	GlobalSection(SolutionConfigurationPlatforms) = preSolution
		Debug|Any CPU = Debug|Any CPU
		Release|Any CPU = Release|Any CPU
	EndGlobalSection
	GlobalSection(ProjectConfigurationPlatforms) = postSolution
		{DB33D21D-8EDC-496C-9E44-234FD4B8FD6B}.Debug|Any CPU.ActiveCfg = Debug|Any CPU
		{DB33D21D-8EDC-496C-9E44-234FD4B8FD6B}.Debug|Any CPU.Build.0 = Debug|Any CPU
		{DB33D21D-8EDC-496C-9E44-234FD4B8FD6B}.Release|Any CPU.ActiveCfg = Release|Any CPU
		{DB33D21D-8EDC-496C-9E44-234FD4B8FD6B}.Release|Any CPU.Build.0 = Release|Any CPU
		{EB355C2B-1BD5-4FB9-B2D9-E567926664BD}.Debug|Any CPU.ActiveCfg = Debug|Any CPU
		{EB355C2B-1BD5-4FB9-B2D9-E567926664BD}.Debug|Any CPU.Build.0 = Debug|Any CPU
		{EB355C2B-1BD5-4FB9-B2D9-E567926664BD}.Release|Any CPU.ActiveCfg = Release|Any CPU
		{EB355C2B-1BD5-4FB9-B2D9-E567926664BD}.Release|Any CPU.Build.0 = Release|Any CPU
	EndGlobalSection
	GlobalSection(SolutionProperties) = preSolution
		HideSolutionNode = FALSE
	EndGlobalSection
	GlobalSection(ExtensibilityGlobals) = postSolution
		SolutionGuid = {4F638F5A-73D9-4D0E-84B5-05BE9378B645}
	EndGlobalSection
EndGlobal
